
Microsoft Visual Studio Solution File, Format Version 12.00
# Visual Studio Version 17
VisualStudioVersion = 17.12.35506.116
MinimumVisualStudioVersion = 10.0.40219.1
Project("{FAE04EC0-301F-11D3-BF4B-00C04F79EFBC}") = "T3-PR1_ConsoleApp", "T3-PR1 ConsoleApp\T3-PR1_ConsoleApp.csproj", "{B38F94EE-A77D-4525-947E-71738BEF5F67}"
EndProject
Project("{FAE04EC0-301F-11D3-BF4B-00C04F79EFBC}") = "T3-PR1_xUnit", "T3-PR1 xUnit\T3-PR1_xUnit.csproj", "{6EE08224-AA53-4A16-B9D2-579FE90E761C}"
EndProject
Project("{FAE04EC0-301F-11D3-BF4B-00C04F79EFBC}") = "T3-PR1_ClassLibrary", "T3-PR1_ClassLibrary\T3-PR1_ClassLibrary.csproj", "{26596566-1464-4BED-88C6-C911B7B1BB4F}"
EndProject
Global
	GlobalSection(SolutionConfigurationPlatforms) = preSolution
		Debug|Any CPU = Debug|Any CPU
		Release|Any CPU = Release|Any CPU
	EndGlobalSection
	GlobalSection(ProjectConfigurationPlatforms) = postSolution
		{B38F94EE-A77D-4525-947E-71738BEF5F67}.Debug|Any CPU.ActiveCfg = Debug|Any CPU
		{B38F94EE-A77D-4525-947E-71738BEF5F67}.Debug|Any CPU.Build.0 = Debug|Any CPU
		{B38F94EE-A77D-4525-947E-71738BEF5F67}.Release|Any CPU.ActiveCfg = Release|Any CPU
		{B38F94EE-A77D-4525-947E-71738BEF5F67}.Release|Any CPU.Build.0 = Release|Any CPU
		{6EE08224-AA53-4A16-B9D2-579FE90E761C}.Debug|Any CPU.ActiveCfg = Debug|Any CPU
		{6EE08224-AA53-4A16-B9D2-579FE90E761C}.Debug|Any CPU.Build.0 = Debug|Any CPU
		{6EE08224-AA53-4A16-B9D2-579FE90E761C}.Release|Any CPU.ActiveCfg = Release|Any CPU
		{6EE08224-AA53-4A16-B9D2-579FE90E761C}.Release|Any CPU.Build.0 = Release|Any CPU
		{26596566-1464-4BED-88C6-C911B7B1BB4F}.Debug|Any CPU.ActiveCfg = Debug|Any CPU
		{26596566-1464-4BED-88C6-C911B7B1BB4F}.Debug|Any CPU.Build.0 = Debug|Any CPU
		{26596566-1464-4BED-88C6-C911B7B1BB4F}.Release|Any CPU.ActiveCfg = Release|Any CPU
		{26596566-1464-4BED-88C6-C911B7B1BB4F}.Release|Any CPU.Build.0 = Release|Any CPU
	EndGlobalSection
	GlobalSection(SolutionProperties) = preSolution
		HideSolutionNode = FALSE
	EndGlobalSection
EndGlobal
